// !$*UTF8*$!
{
	archiveVersion = 1;
	classes = {
	};
	objectVersion = 56;
	objects = {

/* Begin PBXBuildFile section */
		29375C5F2CDC7F49000D1584 /* ConnectSQL.swift in Sources */ = {isa = PBXBuildFile; fileRef = 29375C5E2CDC7F49000D1584 /* ConnectSQL.swift */; };
		29F84B9F2CDB10470052CE91 /* DataConnection.swift in Sources */ = {isa = PBXBuildFile; fileRef = 29F84B9E2CDB10470052CE91 /* DataConnection.swift */; };
		F20212D52CDC749D00AC6C30 /* LocationInfoClass.swift in Sources */ = {isa = PBXBuildFile; fileRef = F20212D42CDC749D00AC6C30 /* LocationInfoClass.swift */; };
		F208B1402CD99EB9003D7F80 /* SelectedPoint.swift in Sources */ = {isa = PBXBuildFile; fileRef = F208B13F2CD99EB9003D7F80 /* SelectedPoint.swift */; };
		F218863A2CDAEDDB001B10C9 /* AddInfoViewController.swift in Sources */ = {isa = PBXBuildFile; fileRef = F21886392CDAEDDB001B10C9 /* AddInfoViewController.swift */; };
		F24ECC832CD89D9900A0A4EF /* AppDelegate.swift in Sources */ = {isa = PBXBuildFile; fileRef = F24ECC822CD89D9900A0A4EF /* AppDelegate.swift */; };
		F24ECC852CD89D9900A0A4EF /* SceneDelegate.swift in Sources */ = {isa = PBXBuildFile; fileRef = F24ECC842CD89D9900A0A4EF /* SceneDelegate.swift */; };
		F24ECC872CD89D9900A0A4EF /* ViewController.swift in Sources */ = {isa = PBXBuildFile; fileRef = F24ECC862CD89D9900A0A4EF /* ViewController.swift */; };
		F24ECC8A2CD89D9A00A0A4EF /* Base in Resources */ = {isa = PBXBuildFile; fileRef = F24ECC892CD89D9A00A0A4EF /* Base */; };
		F24ECC8C2CD89D9A00A0A4EF /* Assets.xcassets in Resources */ = {isa = PBXBuildFile; fileRef = F24ECC8B2CD89D9A00A0A4EF /* Assets.xcassets */; };
		F24ECC8F2CD89D9A00A0A4EF /* Base in Resources */ = {isa = PBXBuildFile; fileRef = F24ECC8E2CD89D9A00A0A4EF /* Base */; };
/* End PBXBuildFile section */

/* Begin PBXFileReference section */
		29375C5E2CDC7F49000D1584 /* ConnectSQL.swift */ = {isa = PBXFileReference; fileEncoding = 4; lastKnownFileType = sourcecode.swift; path = ConnectSQL.swift; sourceTree = "<group>"; };
		29F84B9E2CDB10470052CE91 /* DataConnection.swift */ = {isa = PBXFileReference; fileEncoding = 4; lastKnownFileType = sourcecode.swift; path = DataConnection.swift; sourceTree = "<group>"; };
		F20212D42CDC749D00AC6C30 /* LocationInfoClass.swift */ = {isa = PBXFileReference; lastKnownFileType = sourcecode.swift; path = LocationInfoClass.swift; sourceTree = "<group>"; };
		F208B13F2CD99EB9003D7F80 /* SelectedPoint.swift */ = {isa = PBXFileReference; lastKnownFileType = sourcecode.swift; path = SelectedPoint.swift; sourceTree = "<group>"; };
		F21886392CDAEDDB001B10C9 /* AddInfoViewController.swift */ = {isa = PBXFileReference; lastKnownFileType = sourcecode.swift; path = AddInfoViewController.swift; sourceTree = "<group>"; };
		F24ECC7F2CD89D9900A0A4EF /* SoloSync.app */ = {isa = PBXFileReference; explicitFileType = wrapper.application; includeInIndex = 0; path = SoloSync.app; sourceTree = BUILT_PRODUCTS_DIR; };
		F24ECC822CD89D9900A0A4EF /* AppDelegate.swift */ = {isa = PBXFileReference; lastKnownFileType = sourcecode.swift; path = AppDelegate.swift; sourceTree = "<group>"; };
		F24ECC842CD89D9900A0A4EF /* SceneDelegate.swift */ = {isa = PBXFileReference; lastKnownFileType = sourcecode.swift; path = SceneDelegate.swift; sourceTree = "<group>"; };
		F24ECC862CD89D9900A0A4EF /* ViewController.swift */ = {isa = PBXFileReference; lastKnownFileType = sourcecode.swift; path = ViewController.swift; sourceTree = "<group>"; };
		F24ECC892CD89D9A00A0A4EF /* Base */ = {isa = PBXFileReference; lastKnownFileType = file.storyboard; name = Base; path = Base.lproj/Main.storyboard; sourceTree = "<group>"; };
		F24ECC8B2CD89D9A00A0A4EF /* Assets.xcassets */ = {isa = PBXFileReference; lastKnownFileType = folder.assetcatalog; path = Assets.xcassets; sourceTree = "<group>"; };
		F24ECC8E2CD89D9A00A0A4EF /* Base */ = {isa = PBXFileReference; lastKnownFileType = file.storyboard; name = Base; path = Base.lproj/LaunchScreen.storyboard; sourceTree = "<group>"; };
		F24ECC902CD89D9A00A0A4EF /* Info.plist */ = {isa = PBXFileReference; lastKnownFileType = text.plist.xml; path = Info.plist; sourceTree = "<group>"; };
/* End PBXFileReference section */

/* Begin PBXFrameworksBuildPhase section */
		F24ECC7C2CD89D9900A0A4EF /* Frameworks */ = {
			isa = PBXFrameworksBuildPhase;
			buildActionMask = 2147483647;
			files = (
			);
			runOnlyForDeploymentPostprocessing = 0;
		};
/* End PBXFrameworksBuildPhase section */

/* Begin PBXGroup section */
		F24ECC762CD89D9900A0A4EF = {
			isa = PBXGroup;
			children = (
				F24ECC812CD89D9900A0A4EF /* SoloSync */,
				F24ECC802CD89D9900A0A4EF /* Products */,
			);
			sourceTree = "<group>";
		};
		F24ECC802CD89D9900A0A4EF /* Products */ = {
			isa = PBXGroup;
			children = (
				F24ECC7F2CD89D9900A0A4EF /* SoloSync.app */,
			);
			name = Products;
			sourceTree = "<group>";
		};
		F24ECC812CD89D9900A0A4EF /* SoloSync */ = {
			isa = PBXGroup;
			children = (
				F24ECC822CD89D9900A0A4EF /* AppDelegate.swift */,
				F24ECC842CD89D9900A0A4EF /* SceneDelegate.swift */,
				F21886392CDAEDDB001B10C9 /* AddInfoViewController.swift */,
				F24ECC862CD89D9900A0A4EF /* ViewController.swift */,
				F20212D42CDC749D00AC6C30 /* LocationInfoClass.swift */,
				29375C5E2CDC7F49000D1584 /* ConnectSQL.swift */,
				F208B13F2CD99EB9003D7F80 /* SelectedPoint.swift */,
				F24ECC882CD89D9A00A0A4EF /* Main.storyboard */,
				F24ECC8B2CD89D9A00A0A4EF /* Assets.xcassets */,
				F24ECC8D2CD89D9A00A0A4EF /* LaunchScreen.storyboard */,
				F24ECC902CD89D9A00A0A4EF /* Info.plist */,
				29F84B9E2CDB10470052CE91 /* DataConnection.swift */,
			);
			path = SoloSync;
			sourceTree = "<group>";
		};
/* End PBXGroup section */

/* Begin PBXNativeTarget section */
		F24ECC7E2CD89D9900A0A4EF /* SoloSync */ = {
			isa = PBXNativeTarget;
			buildConfigurationList = F24ECC932CD89D9A00A0A4EF /* Build configuration list for PBXNativeTarget "SoloSync" */;
			buildPhases = (
				F24ECC7B2CD89D9900A0A4EF /* Sources */,
				F24ECC7C2CD89D9900A0A4EF /* Frameworks */,
				F24ECC7D2CD89D9900A0A4EF /* Resources */,
			);
			buildRules = (
			);
			dependencies = (
			);
			name = SoloSync;
			productName = SoloSync;
			productReference = F24ECC7F2CD89D9900A0A4EF /* SoloSync.app */;
			productType = "com.apple.product-type.application";
		};
/* End PBXNativeTarget section */

/* Begin PBXProject section */
		F24ECC772CD89D9900A0A4EF /* Project object */ = {
			isa = PBXProject;
			attributes = {
				BuildIndependentTargetsInParallel = 1;
				LastSwiftUpdateCheck = 1540;
				LastUpgradeCheck = 1540;
				TargetAttributes = {
					F24ECC7E2CD89D9900A0A4EF = {
						CreatedOnToolsVersion = 15.4;
					};
				};
			};
			buildConfigurationList = F24ECC7A2CD89D9900A0A4EF /* Build configuration list for PBXProject "SoloSync" */;
			compatibilityVersion = "Xcode 14.0";
			developmentRegion = en;
			hasScannedForEncodings = 0;
			knownRegions = (
				en,
				Base,
			);
			mainGroup = F24ECC762CD89D9900A0A4EF;
			productRefGroup = F24ECC802CD89D9900A0A4EF /* Products */;
			projectDirPath = "";
			projectRoot = "";
			targets = (
				F24ECC7E2CD89D9900A0A4EF /* SoloSync */,
			);
		};
/* End PBXProject section */

/* Begin PBXResourcesBuildPhase section */
		F24ECC7D2CD89D9900A0A4EF /* Resources */ = {
			isa = PBXResourcesBuildPhase;
			buildActionMask = 2147483647;
			files = (
				F24ECC8C2CD89D9A00A0A4EF /* Assets.xcassets in Resources */,
				F24ECC8F2CD89D9A00A0A4EF /* Base in Resources */,
				F24ECC8A2CD89D9A00A0A4EF /* Base in Resources */,
			);
			runOnlyForDeploymentPostprocessing = 0;
		};
/* End PBXResourcesBuildPhase section */

/* Begin PBXSourcesBuildPhase section */
		F24ECC7B2CD89D9900A0A4EF /* Sources */ = {
			isa = PBXSourcesBuildPhase;
			buildActionMask = 2147483647;
			files = (
				F24ECC872CD89D9900A0A4EF /* ViewController.swift in Sources */,
				F218863A2CDAEDDB001B10C9 /* AddInfoViewController.swift in Sources */,
				F208B1402CD99EB9003D7F80 /* SelectedPoint.swift in Sources */,
				F24ECC832CD89D9900A0A4EF /* AppDelegate.swift in Sources */,
				F24ECC852CD89D9900A0A4EF /* SceneDelegate.swift in Sources */,
				29375C5F2CDC7F49000D1584 /* ConnectSQL.swift in Sources */,
				F20212D52CDC749D00AC6C30 /* LocationInfoClass.swift in Sources */,
				29F84B9F2CDB10470052CE91 /* DataConnection.swift in Sources */,
			);
			runOnlyForDeploymentPostprocessing = 0;
		};
/* End PBXSourcesBuildPhase section */

/* Begin PBXVariantGroup section */
		F24ECC882CD89D9A00A0A4EF /* Main.storyboard */ = {
			isa = PBXVariantGroup;
			children = (
				F24ECC892CD89D9A00A0A4EF /* Base */,
			);
			name = Main.storyboard;
			sourceTree = "<group>";
		};
		F24ECC8D2CD89D9A00A0A4EF /* LaunchScreen.storyboard */ = {
			isa = PBXVariantGroup;
			children = (
				F24ECC8E2CD89D9A00A0A4EF /* Base */,
			);
			name = LaunchScreen.storyboard;
			sourceTree = "<group>";
		};
/* End PBXVariantGroup section */

/* Begin XCBuildConfiguration section */
		F24ECC912CD89D9A00A0A4EF /* Debug */ = {
			isa = XCBuildConfiguration;
			buildSettings = {
				ALWAYS_SEARCH_USER_PATHS = NO;
				ASSETCATALOG_COMPILER_GENERATE_SWIFT_ASSET_SYMBOL_EXTENSIONS = YES;
				CLANG_ANALYZER_NONNULL = YES;
				CLANG_ANALYZER_NUMBER_OBJECT_CONVERSION = YES_AGGRESSIVE;
				CLANG_CXX_LANGUAGE_STANDARD = "gnu++20";
				CLANG_ENABLE_MODULES = YES;
				CLANG_ENABLE_OBJC_ARC = YES;
				CLANG_ENABLE_OBJC_WEAK = YES;
				CLANG_WARN_BLOCK_CAPTURE_AUTORELEASING = YES;
				CLANG_WARN_BOOL_CONVERSION = YES;
				CLANG_WARN_COMMA = YES;
				CLANG_WARN_CONSTANT_CONVERSION = YES;
				CLANG_WARN_DEPRECATED_OBJC_IMPLEMENTATIONS = YES;
				CLANG_WARN_DIRECT_OBJC_ISA_USAGE = YES_ERROR;
				CLANG_WARN_DOCUMENTATION_COMMENTS = YES;
				CLANG_WARN_EMPTY_BODY = YES;
				CLANG_WARN_ENUM_CONVERSION = YES;
				CLANG_WARN_INFINITE_RECURSION = YES;
				CLANG_WARN_INT_CONVERSION = YES;
				CLANG_WARN_NON_LITERAL_NULL_CONVERSION = YES;
				CLANG_WARN_OBJC_IMPLICIT_RETAIN_SELF = YES;
				CLANG_WARN_OBJC_LITERAL_CONVERSION = YES;
				CLANG_WARN_OBJC_ROOT_CLASS = YES_ERROR;
				CLANG_WARN_QUOTED_INCLUDE_IN_FRAMEWORK_HEADER = YES;
				CLANG_WARN_RANGE_LOOP_ANALYSIS = YES;
				CLANG_WARN_STRICT_PROTOTYPES = YES;
				CLANG_WARN_SUSPICIOUS_MOVE = YES;
				CLANG_WARN_UNGUARDED_AVAILABILITY = YES_AGGRESSIVE;
				CLANG_WARN_UNREACHABLE_CODE = YES;
				CLANG_WARN__DUPLICATE_METHOD_MATCH = YES;
				COPY_PHASE_STRIP = NO;
				DEBUG_INFORMATION_FORMAT = dwarf;
				ENABLE_STRICT_OBJC_MSGSEND = YES;
				ENABLE_TESTABILITY = YES;
				ENABLE_USER_SCRIPT_SANDBOXING = YES;
				GCC_C_LANGUAGE_STANDARD = gnu17;
				GCC_DYNAMIC_NO_PIC = NO;
				GCC_NO_COMMON_BLOCKS = YES;
				GCC_OPTIMIZATION_LEVEL = 0;
				GCC_PREPROCESSOR_DEFINITIONS = (
					"DEBUG=1",
					"$(inherited)",
				);
				GCC_WARN_64_TO_32_BIT_CONVERSION = YES;
				GCC_WARN_ABOUT_RETURN_TYPE = YES_ERROR;
				GCC_WARN_UNDECLARED_SELECTOR = YES;
				GCC_WARN_UNINITIALIZED_AUTOS = YES_AGGRESSIVE;
				GCC_WARN_UNUSED_FUNCTION = YES;
				GCC_WARN_UNUSED_VARIABLE = YES;
				IPHONEOS_DEPLOYMENT_TARGET = 17.5;
				LOCALIZATION_PREFERS_STRING_CATALOGS = YES;
				MTL_ENABLE_DEBUG_INFO = INCLUDE_SOURCE;
				MTL_FAST_MATH = YES;
				ONLY_ACTIVE_ARCH = YES;
				SDKROOT = iphoneos;
				SWIFT_ACTIVE_COMPILATION_CONDITIONS = "DEBUG $(inherited)";
				SWIFT_OPTIMIZATION_LEVEL = "-Onone";
			};
			name = Debug;
		};
		F24ECC922CD89D9A00A0A4EF /* Release */ = {
			isa = XCBuildConfiguration;
			buildSettings = {
				ALWAYS_SEARCH_USER_PATHS = NO;
				ASSETCATALOG_COMPILER_GENERATE_SWIFT_ASSET_SYMBOL_EXTENSIONS = YES;
				CLANG_ANALYZER_NONNULL = YES;
				CLANG_ANALYZER_NUMBER_OBJECT_CONVERSION = YES_AGGRESSIVE;
				CLANG_CXX_LANGUAGE_STANDARD = "gnu++20";
				CLANG_ENABLE_MODULES = YES;
				CLANG_ENABLE_OBJC_ARC = YES;
				CLANG_ENABLE_OBJC_WEAK = YES;
				CLANG_WARN_BLOCK_CAPTURE_AUTORELEASING = YES;
				CLANG_WARN_BOOL_CONVERSION = YES;
				CLANG_WARN_COMMA = YES;
				CLANG_WARN_CONSTANT_CONVERSION = YES;
				CLANG_WARN_DEPRECATED_OBJC_IMPLEMENTATIONS = YES;
				CLANG_WARN_DIRECT_OBJC_ISA_USAGE = YES_ERROR;
				CLANG_WARN_DOCUMENTATION_COMMENTS = YES;
				CLANG_WARN_EMPTY_BODY = YES;
				CLANG_WARN_ENUM_CONVERSION = YES;
				CLANG_WARN_INFINITE_RECURSION = YES;
				CLANG_WARN_INT_CONVERSION = YES;
				CLANG_WARN_NON_LITERAL_NULL_CONVERSION = YES;
				CLANG_WARN_OBJC_IMPLICIT_RETAIN_SELF = YES;
				CLANG_WARN_OBJC_LITERAL_CONVERSION = YES;
				CLANG_WARN_OBJC_ROOT_CLASS = YES_ERROR;
				CLANG_WARN_QUOTED_INCLUDE_IN_FRAMEWORK_HEADER = YES;
				CLANG_WARN_RANGE_LOOP_ANALYSIS = YES;
				CLANG_WARN_STRICT_PROTOTYPES = YES;
				CLANG_WARN_SUSPICIOUS_MOVE = YES;
				CLANG_WARN_UNGUARDED_AVAILABILITY = YES_AGGRESSIVE;
				CLANG_WARN_UNREACHABLE_CODE = YES;
				CLANG_WARN__DUPLICATE_METHOD_MATCH = YES;
				COPY_PHASE_STRIP = NO;
				DEBUG_INFORMATION_FORMAT = "dwarf-with-dsym";
				ENABLE_NS_ASSERTIONS = NO;
				ENABLE_STRICT_OBJC_MSGSEND = YES;
				ENABLE_USER_SCRIPT_SANDBOXING = YES;
				GCC_C_LANGUAGE_STANDARD = gnu17;
				GCC_NO_COMMON_BLOCKS = YES;
				GCC_WARN_64_TO_32_BIT_CONVERSION = YES;
				GCC_WARN_ABOUT_RETURN_TYPE = YES_ERROR;
				GCC_WARN_UNDECLARED_SELECTOR = YES;
				GCC_WARN_UNINITIALIZED_AUTOS = YES_AGGRESSIVE;
				GCC_WARN_UNUSED_FUNCTION = YES;
				GCC_WARN_UNUSED_VARIABLE = YES;
				IPHONEOS_DEPLOYMENT_TARGET = 17.5;
				LOCALIZATION_PREFERS_STRING_CATALOGS = YES;
				MTL_ENABLE_DEBUG_INFO = NO;
				MTL_FAST_MATH = YES;
				SDKROOT = iphoneos;
				SWIFT_COMPILATION_MODE = wholemodule;
				VALIDATE_PRODUCT = YES;
			};
			name = Release;
		};
		F24ECC942CD89D9A00A0A4EF /* Debug */ = {
			isa = XCBuildConfiguration;
			buildSettings = {
				ASSETCATALOG_COMPILER_APPICON_NAME = AppIcon;
				ASSETCATALOG_COMPILER_GLOBAL_ACCENT_COLOR_NAME = AccentColor;
				CODE_SIGN_STYLE = Automatic;
				CURRENT_PROJECT_VERSION = 1;
				DEVELOPMENT_TEAM = 95Y8GTL6QA;
				GENERATE_INFOPLIST_FILE = YES;
				INFOPLIST_FILE = SoloSync/Info.plist;
				INFOPLIST_KEY_UIApplicationSupportsIndirectInputEvents = YES;
				INFOPLIST_KEY_UILaunchStoryboardName = LaunchScreen;
				INFOPLIST_KEY_UIMainStoryboardFile = Main;
				INFOPLIST_KEY_UISupportedInterfaceOrientations_iPad = "UIInterfaceOrientationPortrait UIInterfaceOrientationPortraitUpsideDown UIInterfaceOrientationLandscapeLeft UIInterfaceOrientationLandscapeRight";
				INFOPLIST_KEY_UISupportedInterfaceOrientations_iPhone = "UIInterfaceOrientationPortrait UIInterfaceOrientationLandscapeLeft UIInterfaceOrientationLandscapeRight";
				LD_RUNPATH_SEARCH_PATHS = (
					"$(inherited)",
					"@executable_path/Frameworks",
				);
				MARKETING_VERSION = 1.0;
				PRODUCT_BUNDLE_IDENTIFIER = com.example.SoloSync;
				PRODUCT_NAME = "$(TARGET_NAME)";
				SWIFT_EMIT_LOC_STRINGS = YES;
				SWIFT_VERSION = 5.0;
				TARGETED_DEVICE_FAMILY = "1,2";
			};
			name = Debug;
		};
		F24ECC952CD89D9A00A0A4EF /* Release */ = {
			isa = XCBuildConfiguration;
			buildSettings = {
				ASSETCATALOG_COMPILER_APPICON_NAME = AppIcon;
				ASSETCATALOG_COMPILER_GLOBAL_ACCENT_COLOR_NAME = AccentColor;
				CODE_SIGN_STYLE = Automatic;
				CURRENT_PROJECT_VERSION = 1;
				DEVELOPMENT_TEAM = 95Y8GTL6QA;
				GENERATE_INFOPLIST_FILE = YES;
				INFOPLIST_FILE = SoloSync/Info.plist;
				INFOPLIST_KEY_UIApplicationSupportsIndirectInputEvents = YES;
				INFOPLIST_KEY_UILaunchStoryboardName = LaunchScreen;
				INFOPLIST_KEY_UIMainStoryboardFile = Main;
				INFOPLIST_KEY_UISupportedInterfaceOrientations_iPad = "UIInterfaceOrientationPortrait UIInterfaceOrientationPortraitUpsideDown UIInterfaceOrientationLandscapeLeft UIInterfaceOrientationLandscapeRight";
				INFOPLIST_KEY_UISupportedInterfaceOrientations_iPhone = "UIInterfaceOrientationPortrait UIInterfaceOrientationLandscapeLeft UIInterfaceOrientationLandscapeRight";
				LD_RUNPATH_SEARCH_PATHS = (
					"$(inherited)",
					"@executable_path/Frameworks",
				);
				MARKETING_VERSION = 1.0;
				PRODUCT_BUNDLE_IDENTIFIER = com.example.SoloSync;
				PRODUCT_NAME = "$(TARGET_NAME)";
				SWIFT_EMIT_LOC_STRINGS = YES;
				SWIFT_VERSION = 5.0;
				TARGETED_DEVICE_FAMILY = "1,2";
			};
			name = Release;
		};
/* End XCBuildConfiguration section */

/* Begin XCConfigurationList section */
		F24ECC7A2CD89D9900A0A4EF /* Build configuration list for PBXProject "SoloSync" */ = {
			isa = XCConfigurationList;
			buildConfigurations = (
				F24ECC912CD89D9A00A0A4EF /* Debug */,
				F24ECC922CD89D9A00A0A4EF /* Release */,
			);
			defaultConfigurationIsVisible = 0;
			defaultConfigurationName = Release;
		};
		F24ECC932CD89D9A00A0A4EF /* Build configuration list for PBXNativeTarget "SoloSync" */ = {
			isa = XCConfigurationList;
			buildConfigurations = (
				F24ECC942CD89D9A00A0A4EF /* Debug */,
				F24ECC952CD89D9A00A0A4EF /* Release */,
			);
			defaultConfigurationIsVisible = 0;
			defaultConfigurationName = Release;
		};
/* End XCConfigurationList section */
	};
	rootObject = F24ECC772CD89D9900A0A4EF /* Project object */;
}
